// !$*UTF8*$!
{
	archiveVersion = 1;
	classes = {
	};
	objectVersion = 55;
	objects = {

/* Begin PBXBuildFile section */
		0EE1E174286B9B8D00D4CD7F /* firebase_tutorialApp.swift in Sources */ = {isa = PBXBuildFile; fileRef = 0EE1E173286B9B8D00D4CD7F /* firebase_tutorialApp.swift */; };
		0EE1E176286B9B8D00D4CD7F /* ContentView.swift in Sources */ = {isa = PBXBuildFile; fileRef = 0EE1E175286B9B8D00D4CD7F /* ContentView.swift */; };
		0EE1E178286B9B8F00D4CD7F /* Assets.xcassets in Resources */ = {isa = PBXBuildFile; fileRef = 0EE1E177286B9B8F00D4CD7F /* Assets.xcassets */; };
		0EE1E17B286B9B8F00D4CD7F /* Preview Assets.xcassets in Resources */ = {isa = PBXBuildFile; fileRef = 0EE1E17A286B9B8F00D4CD7F /* Preview Assets.xcassets */; };
		0EE1E185286B9B8F00D4CD7F /* firebase_tutorialTests.swift in Sources */ = {isa = PBXBuildFile; fileRef = 0EE1E184286B9B8F00D4CD7F /* firebase_tutorialTests.swift */; };
		0EE1E18F286B9B8F00D4CD7F /* firebase_tutorialUITests.swift in Sources */ = {isa = PBXBuildFile; fileRef = 0EE1E18E286B9B8F00D4CD7F /* firebase_tutorialUITests.swift */; };
		0EE1E191286B9B8F00D4CD7F /* firebase_tutorialUITestsLaunchTests.swift in Sources */ = {isa = PBXBuildFile; fileRef = 0EE1E190286B9B8F00D4CD7F /* firebase_tutorialUITestsLaunchTests.swift */; };
		0EE1E19E286B9CFC00D4CD7F /* GoogleService-Info.plist in Resources */ = {isa = PBXBuildFile; fileRef = 0EE1E19D286B9CFC00D4CD7F /* GoogleService-Info.plist */; };
		0EE1E1A1286B9E2700D4CD7F /* FirebaseAnalytics in Frameworks */ = {isa = PBXBuildFile; productRef = 0EE1E1A0286B9E2700D4CD7F /* FirebaseAnalytics */; };
		0EE1E1A3286B9E2700D4CD7F /* FirebaseAnalyticsOnDeviceConversion in Frameworks */ = {isa = PBXBuildFile; productRef = 0EE1E1A2286B9E2700D4CD7F /* FirebaseAnalyticsOnDeviceConversion */; };
		0EE1E1A5286B9E2700D4CD7F /* FirebaseAnalyticsSwift in Frameworks */ = {isa = PBXBuildFile; productRef = 0EE1E1A4286B9E2700D4CD7F /* FirebaseAnalyticsSwift */; };
		0EE1E1A7286B9E2700D4CD7F /* FirebaseAnalyticsWithoutAdIdSupport in Frameworks */ = {isa = PBXBuildFile; productRef = 0EE1E1A6286B9E2700D4CD7F /* FirebaseAnalyticsWithoutAdIdSupport */; };
		0EE1E1A9286B9E2700D4CD7F /* FirebaseAppCheck in Frameworks */ = {isa = PBXBuildFile; productRef = 0EE1E1A8286B9E2700D4CD7F /* FirebaseAppCheck */; };
		0EE1E1AB286B9E2700D4CD7F /* FirebaseAppDistribution-Beta in Frameworks */ = {isa = PBXBuildFile; productRef = 0EE1E1AA286B9E2700D4CD7F /* FirebaseAppDistribution-Beta */; };
		0EE1E1AD286B9E2700D4CD7F /* FirebaseAuth in Frameworks */ = {isa = PBXBuildFile; productRef = 0EE1E1AC286B9E2700D4CD7F /* FirebaseAuth */; };
		0EE1E1AF286B9E2700D4CD7F /* FirebaseAuthCombine-Community in Frameworks */ = {isa = PBXBuildFile; productRef = 0EE1E1AE286B9E2700D4CD7F /* FirebaseAuthCombine-Community */; };
		0EE1E1B1286B9E2700D4CD7F /* FirebaseCrashlytics in Frameworks */ = {isa = PBXBuildFile; productRef = 0EE1E1B0286B9E2700D4CD7F /* FirebaseCrashlytics */; };
		0EE1E1B3286B9E2700D4CD7F /* FirebaseDatabase in Frameworks */ = {isa = PBXBuildFile; productRef = 0EE1E1B2286B9E2700D4CD7F /* FirebaseDatabase */; };
		0EE1E1B5286B9E2700D4CD7F /* FirebaseDatabaseSwift in Frameworks */ = {isa = PBXBuildFile; productRef = 0EE1E1B4286B9E2700D4CD7F /* FirebaseDatabaseSwift */; };
		0EE1E1B7286B9E2700D4CD7F /* FirebaseDynamicLinks in Frameworks */ = {isa = PBXBuildFile; productRef = 0EE1E1B6286B9E2700D4CD7F /* FirebaseDynamicLinks */; };
		0EE1E1B9286B9E2700D4CD7F /* FirebaseFirestore in Frameworks */ = {isa = PBXBuildFile; productRef = 0EE1E1B8286B9E2700D4CD7F /* FirebaseFirestore */; };
		0EE1E1BB286B9E2700D4CD7F /* FirebaseFirestoreCombine-Community in Frameworks */ = {isa = PBXBuildFile; productRef = 0EE1E1BA286B9E2700D4CD7F /* FirebaseFirestoreCombine-Community */; };
		0EE1E1BD286B9E2700D4CD7F /* FirebaseFirestoreSwift in Frameworks */ = {isa = PBXBuildFile; productRef = 0EE1E1BC286B9E2700D4CD7F /* FirebaseFirestoreSwift */; };
		0EE1E1BF286B9E2700D4CD7F /* FirebaseFunctions in Frameworks */ = {isa = PBXBuildFile; productRef = 0EE1E1BE286B9E2700D4CD7F /* FirebaseFunctions */; };
		0EE1E1C1286B9E2700D4CD7F /* FirebaseFunctionsCombine-Community in Frameworks */ = {isa = PBXBuildFile; productRef = 0EE1E1C0286B9E2700D4CD7F /* FirebaseFunctionsCombine-Community */; };
		0EE1E1C3286B9E2700D4CD7F /* FirebaseInAppMessaging-Beta in Frameworks */ = {isa = PBXBuildFile; productRef = 0EE1E1C2286B9E2700D4CD7F /* FirebaseInAppMessaging-Beta */; };
		0EE1E1C5286B9E2700D4CD7F /* FirebaseInAppMessagingSwift-Beta in Frameworks */ = {isa = PBXBuildFile; productRef = 0EE1E1C4286B9E2700D4CD7F /* FirebaseInAppMessagingSwift-Beta */; };
		0EE1E1C7286B9E2700D4CD7F /* FirebaseInstallations in Frameworks */ = {isa = PBXBuildFile; productRef = 0EE1E1C6286B9E2700D4CD7F /* FirebaseInstallations */; };
		0EE1E1C9286B9E2700D4CD7F /* FirebaseMLModelDownloader in Frameworks */ = {isa = PBXBuildFile; productRef = 0EE1E1C8286B9E2700D4CD7F /* FirebaseMLModelDownloader */; };
		0EE1E1CB286B9E2700D4CD7F /* FirebaseMessaging in Frameworks */ = {isa = PBXBuildFile; productRef = 0EE1E1CA286B9E2700D4CD7F /* FirebaseMessaging */; };
		0EE1E1CD286B9E2700D4CD7F /* FirebasePerformance in Frameworks */ = {isa = PBXBuildFile; productRef = 0EE1E1CC286B9E2700D4CD7F /* FirebasePerformance */; };
		0EE1E1CF286B9E2700D4CD7F /* FirebaseRemoteConfig in Frameworks */ = {isa = PBXBuildFile; productRef = 0EE1E1CE286B9E2700D4CD7F /* FirebaseRemoteConfig */; };
		0EE1E1D1286B9E2700D4CD7F /* FirebaseRemoteConfigSwift in Frameworks */ = {isa = PBXBuildFile; productRef = 0EE1E1D0286B9E2700D4CD7F /* FirebaseRemoteConfigSwift */; };
		0EE1E1D3286B9E2700D4CD7F /* FirebaseStorage in Frameworks */ = {isa = PBXBuildFile; productRef = 0EE1E1D2286B9E2700D4CD7F /* FirebaseStorage */; };
		0EE1E1D5286B9E2700D4CD7F /* FirebaseStorageCombine-Community in Frameworks */ = {isa = PBXBuildFile; productRef = 0EE1E1D4286B9E2700D4CD7F /* FirebaseStorageCombine-Community */; };
		0EE1E1D8286B9F5A00D4CD7F /* Model.swift in Sources */ = {isa = PBXBuildFile; fileRef = 0EE1E1D7286B9F5A00D4CD7F /* Model.swift */; };
		0EE1E1DA286B9F8C00D4CD7F /* ViewModel.swift in Sources */ = {isa = PBXBuildFile; fileRef = 0EE1E1D9286B9F8C00D4CD7F /* ViewModel.swift */; };
/* End PBXBuildFile section */

/* Begin PBXContainerItemProxy section */
		0EE1E181286B9B8F00D4CD7F /* PBXContainerItemProxy */ = {
			isa = PBXContainerItemProxy;
			containerPortal = 0EE1E168286B9B8D00D4CD7F /* Project object */;
			proxyType = 1;
			remoteGlobalIDString = 0EE1E16F286B9B8D00D4CD7F;
			remoteInfo = "firebase-tutorial";
		};
		0EE1E18B286B9B8F00D4CD7F /* PBXContainerItemProxy */ = {
			isa = PBXContainerItemProxy;
			containerPortal = 0EE1E168286B9B8D00D4CD7F /* Project object */;
			proxyType = 1;
			remoteGlobalIDString = 0EE1E16F286B9B8D00D4CD7F;
			remoteInfo = "firebase-tutorial";
		};
/* End PBXContainerItemProxy section */

/* Begin PBXFileReference section */
		0EE1E170286B9B8D00D4CD7F /* firebase-tutorial.app */ = {isa = PBXFileReference; explicitFileType = wrapper.application; includeInIndex = 0; path = "firebase-tutorial.app"; sourceTree = BUILT_PRODUCTS_DIR; };
		0EE1E173286B9B8D00D4CD7F /* firebase_tutorialApp.swift */ = {isa = PBXFileReference; lastKnownFileType = sourcecode.swift; path = firebase_tutorialApp.swift; sourceTree = "<group>"; };
		0EE1E175286B9B8D00D4CD7F /* ContentView.swift */ = {isa = PBXFileReference; lastKnownFileType = sourcecode.swift; path = ContentView.swift; sourceTree = "<group>"; };
		0EE1E177286B9B8F00D4CD7F /* Assets.xcassets */ = {isa = PBXFileReference; lastKnownFileType = folder.assetcatalog; path = Assets.xcassets; sourceTree = "<group>"; };
		0EE1E17A286B9B8F00D4CD7F /* Preview Assets.xcassets */ = {isa = PBXFileReference; lastKnownFileType = folder.assetcatalog; path = "Preview Assets.xcassets"; sourceTree = "<group>"; };
		0EE1E180286B9B8F00D4CD7F /* firebase-tutorialTests.xctest */ = {isa = PBXFileReference; explicitFileType = wrapper.cfbundle; includeInIndex = 0; path = "firebase-tutorialTests.xctest"; sourceTree = BUILT_PRODUCTS_DIR; };
		0EE1E184286B9B8F00D4CD7F /* firebase_tutorialTests.swift */ = {isa = PBXFileReference; lastKnownFileType = sourcecode.swift; path = firebase_tutorialTests.swift; sourceTree = "<group>"; };
		0EE1E18A286B9B8F00D4CD7F /* firebase-tutorialUITests.xctest */ = {isa = PBXFileReference; explicitFileType = wrapper.cfbundle; includeInIndex = 0; path = "firebase-tutorialUITests.xctest"; sourceTree = BUILT_PRODUCTS_DIR; };
		0EE1E18E286B9B8F00D4CD7F /* firebase_tutorialUITests.swift */ = {isa = PBXFileReference; lastKnownFileType = sourcecode.swift; path = firebase_tutorialUITests.swift; sourceTree = "<group>"; };
		0EE1E190286B9B8F00D4CD7F /* firebase_tutorialUITestsLaunchTests.swift */ = {isa = PBXFileReference; lastKnownFileType = sourcecode.swift; path = firebase_tutorialUITestsLaunchTests.swift; sourceTree = "<group>"; };
		0EE1E19D286B9CFC00D4CD7F /* GoogleService-Info.plist */ = {isa = PBXFileReference; fileEncoding = 4; lastKnownFileType = text.plist.xml; path = "GoogleService-Info.plist"; sourceTree = "<group>"; };
		0EE1E1D7286B9F5A00D4CD7F /* Model.swift */ = {isa = PBXFileReference; lastKnownFileType = sourcecode.swift; path = Model.swift; sourceTree = "<group>"; };
		0EE1E1D9286B9F8C00D4CD7F /* ViewModel.swift */ = {isa = PBXFileReference; lastKnownFileType = sourcecode.swift; path = ViewModel.swift; sourceTree = "<group>"; };
/* End PBXFileReference section */

/* Begin PBXFrameworksBuildPhase section */
		0EE1E16D286B9B8D00D4CD7F /* Frameworks */ = {
			isa = PBXFrameworksBuildPhase;
			buildActionMask = 2147483647;
			files = (
				0EE1E1B3286B9E2700D4CD7F /* FirebaseDatabase in Frameworks */,
				0EE1E1C1286B9E2700D4CD7F /* FirebaseFunctionsCombine-Community in Frameworks */,
				0EE1E1B9286B9E2700D4CD7F /* FirebaseFirestore in Frameworks */,
				0EE1E1A5286B9E2700D4CD7F /* FirebaseAnalyticsSwift in Frameworks */,
				0EE1E1A1286B9E2700D4CD7F /* FirebaseAnalytics in Frameworks */,
				0EE1E1A3286B9E2700D4CD7F /* FirebaseAnalyticsOnDeviceConversion in Frameworks */,
				0EE1E1C9286B9E2700D4CD7F /* FirebaseMLModelDownloader in Frameworks */,
				0EE1E1BD286B9E2700D4CD7F /* FirebaseFirestoreSwift in Frameworks */,
				0EE1E1A9286B9E2700D4CD7F /* FirebaseAppCheck in Frameworks */,
				0EE1E1A7286B9E2700D4CD7F /* FirebaseAnalyticsWithoutAdIdSupport in Frameworks */,
				0EE1E1AD286B9E2700D4CD7F /* FirebaseAuth in Frameworks */,
				0EE1E1B1286B9E2700D4CD7F /* FirebaseCrashlytics in Frameworks */,
				0EE1E1D1286B9E2700D4CD7F /* FirebaseRemoteConfigSwift in Frameworks */,
				0EE1E1C3286B9E2700D4CD7F /* FirebaseInAppMessaging-Beta in Frameworks */,
				0EE1E1B5286B9E2700D4CD7F /* FirebaseDatabaseSwift in Frameworks */,
				0EE1E1BF286B9E2700D4CD7F /* FirebaseFunctions in Frameworks */,
				0EE1E1D5286B9E2700D4CD7F /* FirebaseStorageCombine-Community in Frameworks */,
				0EE1E1CF286B9E2700D4CD7F /* FirebaseRemoteConfig in Frameworks */,
				0EE1E1AB286B9E2700D4CD7F /* FirebaseAppDistribution-Beta in Frameworks */,
				0EE1E1AF286B9E2700D4CD7F /* FirebaseAuthCombine-Community in Frameworks */,
				0EE1E1CD286B9E2700D4CD7F /* FirebasePerformance in Frameworks */,
				0EE1E1C5286B9E2700D4CD7F /* FirebaseInAppMessagingSwift-Beta in Frameworks */,
				0EE1E1D3286B9E2700D4CD7F /* FirebaseStorage in Frameworks */,
				0EE1E1B7286B9E2700D4CD7F /* FirebaseDynamicLinks in Frameworks */,
				0EE1E1BB286B9E2700D4CD7F /* FirebaseFirestoreCombine-Community in Frameworks */,
				0EE1E1CB286B9E2700D4CD7F /* FirebaseMessaging in Frameworks */,
				0EE1E1C7286B9E2700D4CD7F /* FirebaseInstallations in Frameworks */,
			);
			runOnlyForDeploymentPostprocessing = 0;
		};
		0EE1E17D286B9B8F00D4CD7F /* Frameworks */ = {
			isa = PBXFrameworksBuildPhase;
			buildActionMask = 2147483647;
			files = (
			);
			runOnlyForDeploymentPostprocessing = 0;
		};
		0EE1E187286B9B8F00D4CD7F /* Frameworks */ = {
			isa = PBXFrameworksBuildPhase;
			buildActionMask = 2147483647;
			files = (
			);
			runOnlyForDeploymentPostprocessing = 0;
		};
/* End PBXFrameworksBuildPhase section */

/* Begin PBXGroup section */
		0EE1E167286B9B8D00D4CD7F = {
			isa = PBXGroup;
			children = (
				0EE1E172286B9B8D00D4CD7F /* firebase-tutorial */,
				0EE1E183286B9B8F00D4CD7F /* firebase-tutorialTests */,
				0EE1E18D286B9B8F00D4CD7F /* firebase-tutorialUITests */,
				0EE1E171286B9B8D00D4CD7F /* Products */,
			);
			sourceTree = "<group>";
		};
		0EE1E171286B9B8D00D4CD7F /* Products */ = {
			isa = PBXGroup;
			children = (
				0EE1E170286B9B8D00D4CD7F /* firebase-tutorial.app */,
				0EE1E180286B9B8F00D4CD7F /* firebase-tutorialTests.xctest */,
				0EE1E18A286B9B8F00D4CD7F /* firebase-tutorialUITests.xctest */,
			);
			name = Products;
			sourceTree = "<group>";
		};
		0EE1E172286B9B8D00D4CD7F /* firebase-tutorial */ = {
			isa = PBXGroup;
			children = (
				0EE1E19D286B9CFC00D4CD7F /* GoogleService-Info.plist */,
				0EE1E1D6286B9F4C00D4CD7F /* Model */,
				0EE1E173286B9B8D00D4CD7F /* firebase_tutorialApp.swift */,
				0EE1E175286B9B8D00D4CD7F /* ContentView.swift */,
				0EE1E177286B9B8F00D4CD7F /* Assets.xcassets */,
				0EE1E179286B9B8F00D4CD7F /* Preview Content */,
			);
			path = "firebase-tutorial";
			sourceTree = "<group>";
		};
		0EE1E179286B9B8F00D4CD7F /* Preview Content */ = {
			isa = PBXGroup;
			children = (
				0EE1E17A286B9B8F00D4CD7F /* Preview Assets.xcassets */,
			);
			path = "Preview Content";
			sourceTree = "<group>";
		};
		0EE1E183286B9B8F00D4CD7F /* firebase-tutorialTests */ = {
			isa = PBXGroup;
			children = (
				0EE1E184286B9B8F00D4CD7F /* firebase_tutorialTests.swift */,
			);
			path = "firebase-tutorialTests";
			sourceTree = "<group>";
		};
		0EE1E18D286B9B8F00D4CD7F /* firebase-tutorialUITests */ = {
			isa = PBXGroup;
			children = (
				0EE1E18E286B9B8F00D4CD7F /* firebase_tutorialUITests.swift */,
				0EE1E190286B9B8F00D4CD7F /* firebase_tutorialUITestsLaunchTests.swift */,
			);
			path = "firebase-tutorialUITests";
			sourceTree = "<group>";
		};
		0EE1E1D6286B9F4C00D4CD7F /* Model */ = {
			isa = PBXGroup;
			children = (
				0EE1E1D7286B9F5A00D4CD7F /* Model.swift */,
				0EE1E1D9286B9F8C00D4CD7F /* ViewModel.swift */,
			);
			path = Model;
			sourceTree = "<group>";
		};
/* End PBXGroup section */

/* Begin PBXNativeTarget section */
		0EE1E16F286B9B8D00D4CD7F /* firebase-tutorial */ = {
			isa = PBXNativeTarget;
			buildConfigurationList = 0EE1E194286B9B8F00D4CD7F /* Build configuration list for PBXNativeTarget "firebase-tutorial" */;
			buildPhases = (
				0EE1E16C286B9B8D00D4CD7F /* Sources */,
				0EE1E16D286B9B8D00D4CD7F /* Frameworks */,
				0EE1E16E286B9B8D00D4CD7F /* Resources */,
			);
			buildRules = (
			);
			dependencies = (
			);
			name = "firebase-tutorial";
			packageProductDependencies = (
				0EE1E1A0286B9E2700D4CD7F /* FirebaseAnalytics */,
				0EE1E1A2286B9E2700D4CD7F /* FirebaseAnalyticsOnDeviceConversion */,
				0EE1E1A4286B9E2700D4CD7F /* FirebaseAnalyticsSwift */,
				0EE1E1A6286B9E2700D4CD7F /* FirebaseAnalyticsWithoutAdIdSupport */,
				0EE1E1A8286B9E2700D4CD7F /* FirebaseAppCheck */,
				0EE1E1AA286B9E2700D4CD7F /* FirebaseAppDistribution-Beta */,
				0EE1E1AC286B9E2700D4CD7F /* FirebaseAuth */,
				0EE1E1AE286B9E2700D4CD7F /* FirebaseAuthCombine-Community */,
				0EE1E1B0286B9E2700D4CD7F /* FirebaseCrashlytics */,
				0EE1E1B2286B9E2700D4CD7F /* FirebaseDatabase */,
				0EE1E1B4286B9E2700D4CD7F /* FirebaseDatabaseSwift */,
				0EE1E1B6286B9E2700D4CD7F /* FirebaseDynamicLinks */,
				0EE1E1B8286B9E2700D4CD7F /* FirebaseFirestore */,
				0EE1E1BA286B9E2700D4CD7F /* FirebaseFirestoreCombine-Community */,
				0EE1E1BC286B9E2700D4CD7F /* FirebaseFirestoreSwift */,
				0EE1E1BE286B9E2700D4CD7F /* FirebaseFunctions */,
				0EE1E1C0286B9E2700D4CD7F /* FirebaseFunctionsCombine-Community */,
				0EE1E1C2286B9E2700D4CD7F /* FirebaseInAppMessaging-Beta */,
				0EE1E1C4286B9E2700D4CD7F /* FirebaseInAppMessagingSwift-Beta */,
				0EE1E1C6286B9E2700D4CD7F /* FirebaseInstallations */,
				0EE1E1C8286B9E2700D4CD7F /* FirebaseMLModelDownloader */,
				0EE1E1CA286B9E2700D4CD7F /* FirebaseMessaging */,
				0EE1E1CC286B9E2700D4CD7F /* FirebasePerformance */,
				0EE1E1CE286B9E2700D4CD7F /* FirebaseRemoteConfig */,
				0EE1E1D0286B9E2700D4CD7F /* FirebaseRemoteConfigSwift */,
				0EE1E1D2286B9E2700D4CD7F /* FirebaseStorage */,
				0EE1E1D4286B9E2700D4CD7F /* FirebaseStorageCombine-Community */,
			);
			productName = "firebase-tutorial";
			productReference = 0EE1E170286B9B8D00D4CD7F /* firebase-tutorial.app */;
			productType = "com.apple.product-type.application";
		};
		0EE1E17F286B9B8F00D4CD7F /* firebase-tutorialTests */ = {
			isa = PBXNativeTarget;
			buildConfigurationList = 0EE1E197286B9B8F00D4CD7F /* Build configuration list for PBXNativeTarget "firebase-tutorialTests" */;
			buildPhases = (
				0EE1E17C286B9B8F00D4CD7F /* Sources */,
				0EE1E17D286B9B8F00D4CD7F /* Frameworks */,
				0EE1E17E286B9B8F00D4CD7F /* Resources */,
			);
			buildRules = (
			);
			dependencies = (
				0EE1E182286B9B8F00D4CD7F /* PBXTargetDependency */,
			);
			name = "firebase-tutorialTests";
			productName = "firebase-tutorialTests";
			productReference = 0EE1E180286B9B8F00D4CD7F /* firebase-tutorialTests.xctest */;
			productType = "com.apple.product-type.bundle.unit-test";
		};
		0EE1E189286B9B8F00D4CD7F /* firebase-tutorialUITests */ = {
			isa = PBXNativeTarget;
			buildConfigurationList = 0EE1E19A286B9B8F00D4CD7F /* Build configuration list for PBXNativeTarget "firebase-tutorialUITests" */;
			buildPhases = (
				0EE1E186286B9B8F00D4CD7F /* Sources */,
				0EE1E187286B9B8F00D4CD7F /* Frameworks */,
				0EE1E188286B9B8F00D4CD7F /* Resources */,
			);
			buildRules = (
			);
			dependencies = (
				0EE1E18C286B9B8F00D4CD7F /* PBXTargetDependency */,
			);
			name = "firebase-tutorialUITests";
			productName = "firebase-tutorialUITests";
			productReference = 0EE1E18A286B9B8F00D4CD7F /* firebase-tutorialUITests.xctest */;
			productType = "com.apple.product-type.bundle.ui-testing";
		};
/* End PBXNativeTarget section */

/* Begin PBXProject section */
		0EE1E168286B9B8D00D4CD7F /* Project object */ = {
			isa = PBXProject;
			attributes = {
				BuildIndependentTargetsInParallel = 1;
				LastSwiftUpdateCheck = 1340;
				LastUpgradeCheck = 1340;
				TargetAttributes = {
					0EE1E16F286B9B8D00D4CD7F = {
						CreatedOnToolsVersion = 13.4.1;
					};
					0EE1E17F286B9B8F00D4CD7F = {
						CreatedOnToolsVersion = 13.4.1;
						TestTargetID = 0EE1E16F286B9B8D00D4CD7F;
					};
					0EE1E189286B9B8F00D4CD7F = {
						CreatedOnToolsVersion = 13.4.1;
						TestTargetID = 0EE1E16F286B9B8D00D4CD7F;
					};
				};
			};
			buildConfigurationList = 0EE1E16B286B9B8D00D4CD7F /* Build configuration list for PBXProject "firebase-tutorial" */;
			compatibilityVersion = "Xcode 13.0";
			developmentRegion = en;
			hasScannedForEncodings = 0;
			knownRegions = (
				en,
				Base,
			);
			mainGroup = 0EE1E167286B9B8D00D4CD7F;
			packageReferences = (
				0EE1E19F286B9E2700D4CD7F /* XCRemoteSwiftPackageReference "firebase-ios-sdk" */,
			);
			productRefGroup = 0EE1E171286B9B8D00D4CD7F /* Products */;
			projectDirPath = "";
			projectRoot = "";
			targets = (
				0EE1E16F286B9B8D00D4CD7F /* firebase-tutorial */,
				0EE1E17F286B9B8F00D4CD7F /* firebase-tutorialTests */,
				0EE1E189286B9B8F00D4CD7F /* firebase-tutorialUITests */,
			);
		};
/* End PBXProject section */

/* Begin PBXResourcesBuildPhase section */
		0EE1E16E286B9B8D00D4CD7F /* Resources */ = {
			isa = PBXResourcesBuildPhase;
			buildActionMask = 2147483647;
			files = (
				0EE1E17B286B9B8F00D4CD7F /* Preview Assets.xcassets in Resources */,
				0EE1E178286B9B8F00D4CD7F /* Assets.xcassets in Resources */,
				0EE1E19E286B9CFC00D4CD7F /* GoogleService-Info.plist in Resources */,
			);
			runOnlyForDeploymentPostprocessing = 0;
		};
		0EE1E17E286B9B8F00D4CD7F /* Resources */ = {
			isa = PBXResourcesBuildPhase;
			buildActionMask = 2147483647;
			files = (
			);
			runOnlyForDeploymentPostprocessing = 0;
		};
		0EE1E188286B9B8F00D4CD7F /* Resources */ = {
			isa = PBXResourcesBuildPhase;
			buildActionMask = 2147483647;
			files = (
			);
			runOnlyForDeploymentPostprocessing = 0;
		};
/* End PBXResourcesBuildPhase section */

/* Begin PBXSourcesBuildPhase section */
		0EE1E16C286B9B8D00D4CD7F /* Sources */ = {
			isa = PBXSourcesBuildPhase;
			buildActionMask = 2147483647;
			files = (
				0EE1E1D8286B9F5A00D4CD7F /* Model.swift in Sources */,
				0EE1E176286B9B8D00D4CD7F /* ContentView.swift in Sources */,
				0EE1E1DA286B9F8C00D4CD7F /* ViewModel.swift in Sources */,
				0EE1E174286B9B8D00D4CD7F /* firebase_tutorialApp.swift in Sources */,
			);
			runOnlyForDeploymentPostprocessing = 0;
		};
		0EE1E17C286B9B8F00D4CD7F /* Sources */ = {
			isa = PBXSourcesBuildPhase;
			buildActionMask = 2147483647;
			files = (
				0EE1E185286B9B8F00D4CD7F /* firebase_tutorialTests.swift in Sources */,
			);
			runOnlyForDeploymentPostprocessing = 0;
		};
		0EE1E186286B9B8F00D4CD7F /* Sources */ = {
			isa = PBXSourcesBuildPhase;
			buildActionMask = 2147483647;
			files = (
				0EE1E18F286B9B8F00D4CD7F /* firebase_tutorialUITests.swift in Sources */,
				0EE1E191286B9B8F00D4CD7F /* firebase_tutorialUITestsLaunchTests.swift in Sources */,
			);
			runOnlyForDeploymentPostprocessing = 0;
		};
/* End PBXSourcesBuildPhase section */

/* Begin PBXTargetDependency section */
		0EE1E182286B9B8F00D4CD7F /* PBXTargetDependency */ = {
			isa = PBXTargetDependency;
			target = 0EE1E16F286B9B8D00D4CD7F /* firebase-tutorial */;
			targetProxy = 0EE1E181286B9B8F00D4CD7F /* PBXContainerItemProxy */;
		};
		0EE1E18C286B9B8F00D4CD7F /* PBXTargetDependency */ = {
			isa = PBXTargetDependency;
			target = 0EE1E16F286B9B8D00D4CD7F /* firebase-tutorial */;
			targetProxy = 0EE1E18B286B9B8F00D4CD7F /* PBXContainerItemProxy */;
		};
/* End PBXTargetDependency section */

/* Begin XCBuildConfiguration section */
		0EE1E192286B9B8F00D4CD7F /* Debug */ = {
			isa = XCBuildConfiguration;
			buildSettings = {
				ALWAYS_SEARCH_USER_PATHS = NO;
				CLANG_ANALYZER_NONNULL = YES;
				CLANG_ANALYZER_NUMBER_OBJECT_CONVERSION = YES_AGGRESSIVE;
				CLANG_CXX_LANGUAGE_STANDARD = "gnu++17";
				CLANG_ENABLE_MODULES = YES;
				CLANG_ENABLE_OBJC_ARC = YES;
				CLANG_ENABLE_OBJC_WEAK = YES;
				CLANG_WARN_BLOCK_CAPTURE_AUTORELEASING = YES;
				CLANG_WARN_BOOL_CONVERSION = YES;
				CLANG_WARN_COMMA = YES;
				CLANG_WARN_CONSTANT_CONVERSION = YES;
				CLANG_WARN_DEPRECATED_OBJC_IMPLEMENTATIONS = YES;
				CLANG_WARN_DIRECT_OBJC_ISA_USAGE = YES_ERROR;
				CLANG_WARN_DOCUMENTATION_COMMENTS = YES;
				CLANG_WARN_EMPTY_BODY = YES;
				CLANG_WARN_ENUM_CONVERSION = YES;
				CLANG_WARN_INFINITE_RECURSION = YES;
				CLANG_WARN_INT_CONVERSION = YES;
				CLANG_WARN_NON_LITERAL_NULL_CONVERSION = YES;
				CLANG_WARN_OBJC_IMPLICIT_RETAIN_SELF = YES;
				CLANG_WARN_OBJC_LITERAL_CONVERSION = YES;
				CLANG_WARN_OBJC_ROOT_CLASS = YES_ERROR;
				CLANG_WARN_QUOTED_INCLUDE_IN_FRAMEWORK_HEADER = YES;
				CLANG_WARN_RANGE_LOOP_ANALYSIS = YES;
				CLANG_WARN_STRICT_PROTOTYPES = YES;
				CLANG_WARN_SUSPICIOUS_MOVE = YES;
				CLANG_WARN_UNGUARDED_AVAILABILITY = YES_AGGRESSIVE;
				CLANG_WARN_UNREACHABLE_CODE = YES;
				CLANG_WARN__DUPLICATE_METHOD_MATCH = YES;
				COPY_PHASE_STRIP = NO;
				DEBUG_INFORMATION_FORMAT = dwarf;
				ENABLE_STRICT_OBJC_MSGSEND = YES;
				ENABLE_TESTABILITY = YES;
				GCC_C_LANGUAGE_STANDARD = gnu11;
				GCC_DYNAMIC_NO_PIC = NO;
				GCC_NO_COMMON_BLOCKS = YES;
				GCC_OPTIMIZATION_LEVEL = 0;
				GCC_PREPROCESSOR_DEFINITIONS = (
					"DEBUG=1",
					"$(inherited)",
				);
				GCC_WARN_64_TO_32_BIT_CONVERSION = YES;
				GCC_WARN_ABOUT_RETURN_TYPE = YES_ERROR;
				GCC_WARN_UNDECLARED_SELECTOR = YES;
				GCC_WARN_UNINITIALIZED_AUTOS = YES_AGGRESSIVE;
				GCC_WARN_UNUSED_FUNCTION = YES;
				GCC_WARN_UNUSED_VARIABLE = YES;
				IPHONEOS_DEPLOYMENT_TARGET = 15.5;
				MTL_ENABLE_DEBUG_INFO = INCLUDE_SOURCE;
				MTL_FAST_MATH = YES;
				ONLY_ACTIVE_ARCH = YES;
				SDKROOT = iphoneos;
				SWIFT_ACTIVE_COMPILATION_CONDITIONS = DEBUG;
				SWIFT_OPTIMIZATION_LEVEL = "-Onone";
			};
			name = Debug;
		};
		0EE1E193286B9B8F00D4CD7F /* Release */ = {
			isa = XCBuildConfiguration;
			buildSettings = {
				ALWAYS_SEARCH_USER_PATHS = NO;
				CLANG_ANALYZER_NONNULL = YES;
				CLANG_ANALYZER_NUMBER_OBJECT_CONVERSION = YES_AGGRESSIVE;
				CLANG_CXX_LANGUAGE_STANDARD = "gnu++17";
				CLANG_ENABLE_MODULES = YES;
				CLANG_ENABLE_OBJC_ARC = YES;
				CLANG_ENABLE_OBJC_WEAK = YES;
				CLANG_WARN_BLOCK_CAPTURE_AUTORELEASING = YES;
				CLANG_WARN_BOOL_CONVERSION = YES;
				CLANG_WARN_COMMA = YES;
				CLANG_WARN_CONSTANT_CONVERSION = YES;
				CLANG_WARN_DEPRECATED_OBJC_IMPLEMENTATIONS = YES;
				CLANG_WARN_DIRECT_OBJC_ISA_USAGE = YES_ERROR;
				CLANG_WARN_DOCUMENTATION_COMMENTS = YES;
				CLANG_WARN_EMPTY_BODY = YES;
				CLANG_WARN_ENUM_CONVERSION = YES;
				CLANG_WARN_INFINITE_RECURSION = YES;
				CLANG_WARN_INT_CONVERSION = YES;
				CLANG_WARN_NON_LITERAL_NULL_CONVERSION = YES;
				CLANG_WARN_OBJC_IMPLICIT_RETAIN_SELF = YES;
				CLANG_WARN_OBJC_LITERAL_CONVERSION = YES;
				CLANG_WARN_OBJC_ROOT_CLASS = YES_ERROR;
				CLANG_WARN_QUOTED_INCLUDE_IN_FRAMEWORK_HEADER = YES;
				CLANG_WARN_RANGE_LOOP_ANALYSIS = YES;
				CLANG_WARN_STRICT_PROTOTYPES = YES;
				CLANG_WARN_SUSPICIOUS_MOVE = YES;
				CLANG_WARN_UNGUARDED_AVAILABILITY = YES_AGGRESSIVE;
				CLANG_WARN_UNREACHABLE_CODE = YES;
				CLANG_WARN__DUPLICATE_METHOD_MATCH = YES;
				COPY_PHASE_STRIP = NO;
				DEBUG_INFORMATION_FORMAT = "dwarf-with-dsym";
				ENABLE_NS_ASSERTIONS = NO;
				ENABLE_STRICT_OBJC_MSGSEND = YES;
				GCC_C_LANGUAGE_STANDARD = gnu11;
				GCC_NO_COMMON_BLOCKS = YES;
				GCC_WARN_64_TO_32_BIT_CONVERSION = YES;
				GCC_WARN_ABOUT_RETURN_TYPE = YES_ERROR;
				GCC_WARN_UNDECLARED_SELECTOR = YES;
				GCC_WARN_UNINITIALIZED_AUTOS = YES_AGGRESSIVE;
				GCC_WARN_UNUSED_FUNCTION = YES;
				GCC_WARN_UNUSED_VARIABLE = YES;
				IPHONEOS_DEPLOYMENT_TARGET = 15.5;
				MTL_ENABLE_DEBUG_INFO = NO;
				MTL_FAST_MATH = YES;
				SDKROOT = iphoneos;
				SWIFT_COMPILATION_MODE = wholemodule;
				SWIFT_OPTIMIZATION_LEVEL = "-O";
				VALIDATE_PRODUCT = YES;
			};
			name = Release;
		};
		0EE1E195286B9B8F00D4CD7F /* Debug */ = {
			isa = XCBuildConfiguration;
			buildSettings = {
				ASSETCATALOG_COMPILER_APPICON_NAME = AppIcon;
				ASSETCATALOG_COMPILER_GLOBAL_ACCENT_COLOR_NAME = AccentColor;
				CODE_SIGN_STYLE = Automatic;
				CURRENT_PROJECT_VERSION = 1;
				DEVELOPMENT_ASSET_PATHS = "\"firebase-tutorial/Preview Content\"";
				DEVELOPMENT_TEAM = PY9XAZX4LT;
				ENABLE_PREVIEWS = YES;
				GENERATE_INFOPLIST_FILE = YES;
				INFOPLIST_KEY_UIApplicationSceneManifest_Generation = YES;
				INFOPLIST_KEY_UIApplicationSupportsIndirectInputEvents = YES;
				INFOPLIST_KEY_UILaunchScreen_Generation = YES;
				INFOPLIST_KEY_UISupportedInterfaceOrientations_iPad = "UIInterfaceOrientationPortrait UIInterfaceOrientationPortraitUpsideDown UIInterfaceOrientationLandscapeLeft UIInterfaceOrientationLandscapeRight";
				INFOPLIST_KEY_UISupportedInterfaceOrientations_iPhone = "UIInterfaceOrientationPortrait UIInterfaceOrientationLandscapeLeft UIInterfaceOrientationLandscapeRight";
				LD_RUNPATH_SEARCH_PATHS = (
					"$(inherited)",
					"@executable_path/Frameworks",
				);
				MARKETING_VERSION = 1.0;
				PRODUCT_BUNDLE_IDENTIFIER = "com.adl.firebase-tutorial";
				PRODUCT_NAME = "$(TARGET_NAME)";
				SWIFT_EMIT_LOC_STRINGS = YES;
				SWIFT_VERSION = 5.0;
				TARGETED_DEVICE_FAMILY = "1,2";
			};
			name = Debug;
		};
		0EE1E196286B9B8F00D4CD7F /* Release */ = {
			isa = XCBuildConfiguration;
			buildSettings = {
				ASSETCATALOG_COMPILER_APPICON_NAME = AppIcon;
				ASSETCATALOG_COMPILER_GLOBAL_ACCENT_COLOR_NAME = AccentColor;
				CODE_SIGN_STYLE = Automatic;
				CURRENT_PROJECT_VERSION = 1;
				DEVELOPMENT_ASSET_PATHS = "\"firebase-tutorial/Preview Content\"";
				DEVELOPMENT_TEAM = PY9XAZX4LT;
				ENABLE_PREVIEWS = YES;
				GENERATE_INFOPLIST_FILE = YES;
				INFOPLIST_KEY_UIApplicationSceneManifest_Generation = YES;
				INFOPLIST_KEY_UIApplicationSupportsIndirectInputEvents = YES;
				INFOPLIST_KEY_UILaunchScreen_Generation = YES;
				INFOPLIST_KEY_UISupportedInterfaceOrientations_iPad = "UIInterfaceOrientationPortrait UIInterfaceOrientationPortraitUpsideDown UIInterfaceOrientationLandscapeLeft UIInterfaceOrientationLandscapeRight";
				INFOPLIST_KEY_UISupportedInterfaceOrientations_iPhone = "UIInterfaceOrientationPortrait UIInterfaceOrientationLandscapeLeft UIInterfaceOrientationLandscapeRight";
				LD_RUNPATH_SEARCH_PATHS = (
					"$(inherited)",
					"@executable_path/Frameworks",
				);
				MARKETING_VERSION = 1.0;
				PRODUCT_BUNDLE_IDENTIFIER = "com.adl.firebase-tutorial";
				PRODUCT_NAME = "$(TARGET_NAME)";
				SWIFT_EMIT_LOC_STRINGS = YES;
				SWIFT_VERSION = 5.0;
				TARGETED_DEVICE_FAMILY = "1,2";
			};
			name = Release;
		};
		0EE1E198286B9B8F00D4CD7F /* Debug */ = {
			isa = XCBuildConfiguration;
			buildSettings = {
				ALWAYS_EMBED_SWIFT_STANDARD_LIBRARIES = YES;
				BUNDLE_LOADER = "$(TEST_HOST)";
				CODE_SIGN_STYLE = Automatic;
				CURRENT_PROJECT_VERSION = 1;
				DEVELOPMENT_TEAM = PY9XAZX4LT;
				GENERATE_INFOPLIST_FILE = YES;
				IPHONEOS_DEPLOYMENT_TARGET = 15.5;
				MARKETING_VERSION = 1.0;
				PRODUCT_BUNDLE_IDENTIFIER = "com.adl.firebase-tutorialTests";
				PRODUCT_NAME = "$(TARGET_NAME)";
				SWIFT_EMIT_LOC_STRINGS = NO;
				SWIFT_VERSION = 5.0;
				TARGETED_DEVICE_FAMILY = "1,2";
				TEST_HOST = "$(BUILT_PRODUCTS_DIR)/firebase-tutorial.app/firebase-tutorial";
			};
			name = Debug;
		};
		0EE1E199286B9B8F00D4CD7F /* Release */ = {
			isa = XCBuildConfiguration;
			buildSettings = {
				ALWAYS_EMBED_SWIFT_STANDARD_LIBRARIES = YES;
				BUNDLE_LOADER = "$(TEST_HOST)";
				CODE_SIGN_STYLE = Automatic;
				CURRENT_PROJECT_VERSION = 1;
				DEVELOPMENT_TEAM = PY9XAZX4LT;
				GENERATE_INFOPLIST_FILE = YES;
				IPHONEOS_DEPLOYMENT_TARGET = 15.5;
				MARKETING_VERSION = 1.0;
				PRODUCT_BUNDLE_IDENTIFIER = "com.adl.firebase-tutorialTests";
				PRODUCT_NAME = "$(TARGET_NAME)";
				SWIFT_EMIT_LOC_STRINGS = NO;
				SWIFT_VERSION = 5.0;
				TARGETED_DEVICE_FAMILY = "1,2";
				TEST_HOST = "$(BUILT_PRODUCTS_DIR)/firebase-tutorial.app/firebase-tutorial";
			};
			name = Release;
		};
		0EE1E19B286B9B8F00D4CD7F /* Debug */ = {
			isa = XCBuildConfiguration;
			buildSettings = {
				ALWAYS_EMBED_SWIFT_STANDARD_LIBRARIES = YES;
				CODE_SIGN_STYLE = Automatic;
				CURRENT_PROJECT_VERSION = 1;
				DEVELOPMENT_TEAM = PY9XAZX4LT;
				GENERATE_INFOPLIST_FILE = YES;
				MARKETING_VERSION = 1.0;
				PRODUCT_BUNDLE_IDENTIFIER = "com.adl.firebase-tutorialUITests";
				PRODUCT_NAME = "$(TARGET_NAME)";
				SWIFT_EMIT_LOC_STRINGS = NO;
				SWIFT_VERSION = 5.0;
				TARGETED_DEVICE_FAMILY = "1,2";
				TEST_TARGET_NAME = "firebase-tutorial";
			};
			name = Debug;
		};
		0EE1E19C286B9B8F00D4CD7F /* Release */ = {
			isa = XCBuildConfiguration;
			buildSettings = {
				ALWAYS_EMBED_SWIFT_STANDARD_LIBRARIES = YES;
				CODE_SIGN_STYLE = Automatic;
				CURRENT_PROJECT_VERSION = 1;
				DEVELOPMENT_TEAM = PY9XAZX4LT;
				GENERATE_INFOPLIST_FILE = YES;
				MARKETING_VERSION = 1.0;
				PRODUCT_BUNDLE_IDENTIFIER = "com.adl.firebase-tutorialUITests";
				PRODUCT_NAME = "$(TARGET_NAME)";
				SWIFT_EMIT_LOC_STRINGS = NO;
				SWIFT_VERSION = 5.0;
				TARGETED_DEVICE_FAMILY = "1,2";
				TEST_TARGET_NAME = "firebase-tutorial";
			};
			name = Release;
		};
/* End XCBuildConfiguration section */

/* Begin XCConfigurationList section */
		0EE1E16B286B9B8D00D4CD7F /* Build configuration list for PBXProject "firebase-tutorial" */ = {
			isa = XCConfigurationList;
			buildConfigurations = (
				0EE1E192286B9B8F00D4CD7F /* Debug */,
				0EE1E193286B9B8F00D4CD7F /* Release */,
			);
			defaultConfigurationIsVisible = 0;
			defaultConfigurationName = Release;
		};
		0EE1E194286B9B8F00D4CD7F /* Build configuration list for PBXNativeTarget "firebase-tutorial" */ = {
			isa = XCConfigurationList;
			buildConfigurations = (
				0EE1E195286B9B8F00D4CD7F /* Debug */,
				0EE1E196286B9B8F00D4CD7F /* Release */,
			);
			defaultConfigurationIsVisible = 0;
			defaultConfigurationName = Release;
		};
		0EE1E197286B9B8F00D4CD7F /* Build configuration list for PBXNativeTarget "firebase-tutorialTests" */ = {
			isa = XCConfigurationList;
			buildConfigurations = (
				0EE1E198286B9B8F00D4CD7F /* Debug */,
				0EE1E199286B9B8F00D4CD7F /* Release */,
			);
			defaultConfigurationIsVisible = 0;
			defaultConfigurationName = Release;
		};
		0EE1E19A286B9B8F00D4CD7F /* Build configuration list for PBXNativeTarget "firebase-tutorialUITests" */ = {
			isa = XCConfigurationList;
			buildConfigurations = (
				0EE1E19B286B9B8F00D4CD7F /* Debug */,
				0EE1E19C286B9B8F00D4CD7F /* Release */,
			);
			defaultConfigurationIsVisible = 0;
			defaultConfigurationName = Release;
		};
/* End XCConfigurationList section */

/* Begin XCRemoteSwiftPackageReference section */
		0EE1E19F286B9E2700D4CD7F /* XCRemoteSwiftPackageReference "firebase-ios-sdk" */ = {
			isa = XCRemoteSwiftPackageReference;
			repositoryURL = "https://github.com/firebase/firebase-ios-sdk";
			requirement = {
				kind = upToNextMajorVersion;
				minimumVersion = 9.0.0;
			};
		};
/* End XCRemoteSwiftPackageReference section */

/* Begin XCSwiftPackageProductDependency section */
		0EE1E1A0286B9E2700D4CD7F /* FirebaseAnalytics */ = {
			isa = XCSwiftPackageProductDependency;
			package = 0EE1E19F286B9E2700D4CD7F /* XCRemoteSwiftPackageReference "firebase-ios-sdk" */;
			productName = FirebaseAnalytics;
		};
		0EE1E1A2286B9E2700D4CD7F /* FirebaseAnalyticsOnDeviceConversion */ = {
			isa = XCSwiftPackageProductDependency;
			package = 0EE1E19F286B9E2700D4CD7F /* XCRemoteSwiftPackageReference "firebase-ios-sdk" */;
			productName = FirebaseAnalyticsOnDeviceConversion;
		};
		0EE1E1A4286B9E2700D4CD7F /* FirebaseAnalyticsSwift */ = {
			isa = XCSwiftPackageProductDependency;
			package = 0EE1E19F286B9E2700D4CD7F /* XCRemoteSwiftPackageReference "firebase-ios-sdk" */;
			productName = FirebaseAnalyticsSwift;
		};
		0EE1E1A6286B9E2700D4CD7F /* FirebaseAnalyticsWithoutAdIdSupport */ = {
			isa = XCSwiftPackageProductDependency;
			package = 0EE1E19F286B9E2700D4CD7F /* XCRemoteSwiftPackageReference "firebase-ios-sdk" */;
			productName = FirebaseAnalyticsWithoutAdIdSupport;
		};
		0EE1E1A8286B9E2700D4CD7F /* FirebaseAppCheck */ = {
			isa = XCSwiftPackageProductDependency;
			package = 0EE1E19F286B9E2700D4CD7F /* XCRemoteSwiftPackageReference "firebase-ios-sdk" */;
			productName = FirebaseAppCheck;
		};
		0EE1E1AA286B9E2700D4CD7F /* FirebaseAppDistribution-Beta */ = {
			isa = XCSwiftPackageProductDependency;
			package = 0EE1E19F286B9E2700D4CD7F /* XCRemoteSwiftPackageReference "firebase-ios-sdk" */;
			productName = "FirebaseAppDistribution-Beta";
		};
		0EE1E1AC286B9E2700D4CD7F /* FirebaseAuth */ = {
			isa = XCSwiftPackageProductDependency;
			package = 0EE1E19F286B9E2700D4CD7F /* XCRemoteSwiftPackageReference "firebase-ios-sdk" */;
			productName = FirebaseAuth;
		};
		0EE1E1AE286B9E2700D4CD7F /* FirebaseAuthCombine-Community */ = {
			isa = XCSwiftPackageProductDependency;
			package = 0EE1E19F286B9E2700D4CD7F /* XCRemoteSwiftPackageReference "firebase-ios-sdk" */;
			productName = "FirebaseAuthCombine-Community";
		};
		0EE1E1B0286B9E2700D4CD7F /* FirebaseCrashlytics */ = {
			isa = XCSwiftPackageProductDependency;
			package = 0EE1E19F286B9E2700D4CD7F /* XCRemoteSwiftPackageReference "firebase-ios-sdk" */;
			productName = FirebaseCrashlytics;
		};
		0EE1E1B2286B9E2700D4CD7F /* FirebaseDatabase */ = {
			isa = XCSwiftPackageProductDependency;
			package = 0EE1E19F286B9E2700D4CD7F /* XCRemoteSwiftPackageReference "firebase-ios-sdk" */;
			productName = FirebaseDatabase;
		};
		0EE1E1B4286B9E2700D4CD7F /* FirebaseDatabaseSwift */ = {
			isa = XCSwiftPackageProductDependency;
			package = 0EE1E19F286B9E2700D4CD7F /* XCRemoteSwiftPackageReference "firebase-ios-sdk" */;
			productName = FirebaseDatabaseSwift;
		};
		0EE1E1B6286B9E2700D4CD7F /* FirebaseDynamicLinks */ = {
			isa = XCSwiftPackageProductDependency;
			package = 0EE1E19F286B9E2700D4CD7F /* XCRemoteSwiftPackageReference "firebase-ios-sdk" */;
			productName = FirebaseDynamicLinks;
		};
		0EE1E1B8286B9E2700D4CD7F /* FirebaseFirestore */ = {
			isa = XCSwiftPackageProductDependency;
			package = 0EE1E19F286B9E2700D4CD7F /* XCRemoteSwiftPackageReference "firebase-ios-sdk" */;
			productName = FirebaseFirestore;
		};
		0EE1E1BA286B9E2700D4CD7F /* FirebaseFirestoreCombine-Community */ = {
			isa = XCSwiftPackageProductDependency;
			package = 0EE1E19F286B9E2700D4CD7F /* XCRemoteSwiftPackageReference "firebase-ios-sdk" */;
			productName = "FirebaseFirestoreCombine-Community";
		};
		0EE1E1BC286B9E2700D4CD7F /* FirebaseFirestoreSwift */ = {
			isa = XCSwiftPackageProductDependency;
			package = 0EE1E19F286B9E2700D4CD7F /* XCRemoteSwiftPackageReference "firebase-ios-sdk" */;
			productName = FirebaseFirestoreSwift;
		};
		0EE1E1BE286B9E2700D4CD7F /* FirebaseFunctions */ = {
			isa = XCSwiftPackageProductDependency;
			package = 0EE1E19F286B9E2700D4CD7F /* XCRemoteSwiftPackageReference "firebase-ios-sdk" */;
			productName = FirebaseFunctions;
		};
		0EE1E1C0286B9E2700D4CD7F /* FirebaseFunctionsCombine-Community */ = {
			isa = XCSwiftPackageProductDependency;
			package = 0EE1E19F286B9E2700D4CD7F /* XCRemoteSwiftPackageReference "firebase-ios-sdk" */;
			productName = "FirebaseFunctionsCombine-Community";
		};
		0EE1E1C2286B9E2700D4CD7F /* FirebaseInAppMessaging-Beta */ = {
			isa = XCSwiftPackageProductDependency;
			package = 0EE1E19F286B9E2700D4CD7F /* XCRemoteSwiftPackageReference "firebase-ios-sdk" */;
			productName = "FirebaseInAppMessaging-Beta";
		};
		0EE1E1C4286B9E2700D4CD7F /* FirebaseInAppMessagingSwift-Beta */ = {
			isa = XCSwiftPackageProductDependency;
			package = 0EE1E19F286B9E2700D4CD7F /* XCRemoteSwiftPackageReference "firebase-ios-sdk" */;
			productName = "FirebaseInAppMessagingSwift-Beta";
		};
		0EE1E1C6286B9E2700D4CD7F /* FirebaseInstallations */ = {
			isa = XCSwiftPackageProductDependency;
			package = 0EE1E19F286B9E2700D4CD7F /* XCRemoteSwiftPackageReference "firebase-ios-sdk" */;
			productName = FirebaseInstallations;
		};
		0EE1E1C8286B9E2700D4CD7F /* FirebaseMLModelDownloader */ = {
			isa = XCSwiftPackageProductDependency;
			package = 0EE1E19F286B9E2700D4CD7F /* XCRemoteSwiftPackageReference "firebase-ios-sdk" */;
			productName = FirebaseMLModelDownloader;
		};
		0EE1E1CA286B9E2700D4CD7F /* FirebaseMessaging */ = {
			isa = XCSwiftPackageProductDependency;
			package = 0EE1E19F286B9E2700D4CD7F /* XCRemoteSwiftPackageReference "firebase-ios-sdk" */;
			productName = FirebaseMessaging;
		};
		0EE1E1CC286B9E2700D4CD7F /* FirebasePerformance */ = {
			isa = XCSwiftPackageProductDependency;
			package = 0EE1E19F286B9E2700D4CD7F /* XCRemoteSwiftPackageReference "firebase-ios-sdk" */;
			productName = FirebasePerformance;
		};
		0EE1E1CE286B9E2700D4CD7F /* FirebaseRemoteConfig */ = {
			isa = XCSwiftPackageProductDependency;
			package = 0EE1E19F286B9E2700D4CD7F /* XCRemoteSwiftPackageReference "firebase-ios-sdk" */;
			productName = FirebaseRemoteConfig;
		};
		0EE1E1D0286B9E2700D4CD7F /* FirebaseRemoteConfigSwift */ = {
			isa = XCSwiftPackageProductDependency;
			package = 0EE1E19F286B9E2700D4CD7F /* XCRemoteSwiftPackageReference "firebase-ios-sdk" */;
			productName = FirebaseRemoteConfigSwift;
		};
		0EE1E1D2286B9E2700D4CD7F /* FirebaseStorage */ = {
			isa = XCSwiftPackageProductDependency;
			package = 0EE1E19F286B9E2700D4CD7F /* XCRemoteSwiftPackageReference "firebase-ios-sdk" */;
			productName = FirebaseStorage;
		};
		0EE1E1D4286B9E2700D4CD7F /* FirebaseStorageCombine-Community */ = {
			isa = XCSwiftPackageProductDependency;
			package = 0EE1E19F286B9E2700D4CD7F /* XCRemoteSwiftPackageReference "firebase-ios-sdk" */;
			productName = "FirebaseStorageCombine-Community";
		};
/* End XCSwiftPackageProductDependency section */
	};
	rootObject = 0EE1E168286B9B8D00D4CD7F /* Project object */;
}
